
Microsoft Visual Studio Solution File, Format Version 12.00
# Visual Studio Version 16
VisualStudioVersion = 16.0.31624.102
MinimumVisualStudioVersion = 10.0.40219.1
Project("{9A19103F-16F7-4668-BE54-9A1E7A4F7556}") = "WrathBlueprintStub", "WrathBlueprintStub\WrathBlueprintStub.csproj", "{C666C65C-FF9C-4C13-8588-3A578AC16ECE}"
EndProject
Project("{FAE04EC0-301F-11D3-BF4B-00C04F79EFBC}") = "UnityEngineStub", "UnityEngineStub\UnityEngineStub.csproj", "{36817262-281E-445F-A20D-4ED665D32949}"
EndProject
Global
	GlobalSection(SolutionConfigurationPlatforms) = preSolution
		Debug|Any CPU = Debug|Any CPU
		Release|Any CPU = Release|Any CPU
	EndGlobalSection
	GlobalSection(ProjectConfigurationPlatforms) = postSolution
		{C666C65C-FF9C-4C13-8588-3A578AC16ECE}.Debug|Any CPU.ActiveCfg = Debug|Any CPU
		{C666C65C-FF9C-4C13-8588-3A578AC16ECE}.Debug|Any CPU.Build.0 = Debug|Any CPU
		{C666C65C-FF9C-4C13-8588-3A578AC16ECE}.Release|Any CPU.ActiveCfg = Release|Any CPU
		{C666C65C-FF9C-4C13-8588-3A578AC16ECE}.Release|Any CPU.Build.0 = Release|Any CPU
		{36817262-281E-445F-A20D-4ED665D32949}.Debug|Any CPU.ActiveCfg = Debug|Any CPU
		{36817262-281E-445F-A20D-4ED665D32949}.Debug|Any CPU.Build.0 = Debug|Any CPU
		{36817262-281E-445F-A20D-4ED665D32949}.Release|Any CPU.ActiveCfg = Release|Any CPU
		{36817262-281E-445F-A20D-4ED665D32949}.Release|Any CPU.Build.0 = Release|Any CPU
	EndGlobalSection
	GlobalSection(SolutionProperties) = preSolution
		HideSolutionNode = FALSE
	EndGlobalSection
	GlobalSection(ExtensibilityGlobals) = postSolution
		SolutionGuid = {24016FE3-45F7-4DBB-B606-51B914D0E407}
	EndGlobalSection
EndGlobal
